// !$*UTF8*$!
{
	archiveVersion = 1;
	classes = {
	};
	objectVersion = 50;
	objects = {

/* Begin PBXBuildFile section */
		411695F423CB027E00588AE9 /* AppDelegate.swift in Sources */ = {isa = PBXBuildFile; fileRef = 411695F323CB027E00588AE9 /* AppDelegate.swift */; };
		411695F623CB027E00588AE9 /* SceneDelegate.swift in Sources */ = {isa = PBXBuildFile; fileRef = 411695F523CB027E00588AE9 /* SceneDelegate.swift */; };
		411695F823CB027E00588AE9 /* ViewController.swift in Sources */ = {isa = PBXBuildFile; fileRef = 411695F723CB027E00588AE9 /* ViewController.swift */; };
		411695FB23CB027E00588AE9 /* Main.storyboard in Resources */ = {isa = PBXBuildFile; fileRef = 411695F923CB027E00588AE9 /* Main.storyboard */; };
		411695FD23CB028100588AE9 /* Assets.xcassets in Resources */ = {isa = PBXBuildFile; fileRef = 411695FC23CB028100588AE9 /* Assets.xcassets */; };
		4116960023CB028100588AE9 /* LaunchScreen.storyboard in Resources */ = {isa = PBXBuildFile; fileRef = 411695FE23CB028100588AE9 /* LaunchScreen.storyboard */; };
		4116960923CB032B00588AE9 /* UITextFieldiconLeft.swift in Sources */ = {isa = PBXBuildFile; fileRef = 4116960823CB032B00588AE9 /* UITextFieldiconLeft.swift */; };
/* End PBXBuildFile section */

/* Begin PBXFileReference section */
		411695F023CB027E00588AE9 /* UITextFieldAbout.app */ = {isa = PBXFileReference; explicitFileType = wrapper.application; includeInIndex = 0; path = UITextFieldAbout.app; sourceTree = BUILT_PRODUCTS_DIR; };
		411695F323CB027E00588AE9 /* AppDelegate.swift */ = {isa = PBXFileReference; lastKnownFileType = sourcecode.swift; path = AppDelegate.swift; sourceTree = "<group>"; };
		411695F523CB027E00588AE9 /* SceneDelegate.swift */ = {isa = PBXFileReference; lastKnownFileType = sourcecode.swift; path = SceneDelegate.swift; sourceTree = "<group>"; };
		411695F723CB027E00588AE9 /* ViewController.swift */ = {isa = PBXFileReference; lastKnownFileType = sourcecode.swift; path = ViewController.swift; sourceTree = "<group>"; };
		411695FA23CB027E00588AE9 /* Base */ = {isa = PBXFileReference; lastKnownFileType = file.storyboard; name = Base; path = Base.lproj/Main.storyboard; sourceTree = "<group>"; };
		411695FC23CB028100588AE9 /* Assets.xcassets */ = {isa = PBXFileReference; lastKnownFileType = folder.assetcatalog; path = Assets.xcassets; sourceTree = "<group>"; };
		411695FF23CB028100588AE9 /* Base */ = {isa = PBXFileReference; lastKnownFileType = file.storyboard; name = Base; path = Base.lproj/LaunchScreen.storyboard; sourceTree = "<group>"; };
		4116960123CB028100588AE9 /* Info.plist */ = {isa = PBXFileReference; lastKnownFileType = text.plist.xml; path = Info.plist; sourceTree = "<group>"; };
		4116960823CB032B00588AE9 /* UITextFieldiconLeft.swift */ = {isa = PBXFileReference; lastKnownFileType = sourcecode.swift; path = UITextFieldiconLeft.swift; sourceTree = "<group>"; };
/* End PBXFileReference section */

/* Begin PBXFrameworksBuildPhase section */
		411695ED23CB027E00588AE9 /* Frameworks */ = {
			isa = PBXFrameworksBuildPhase;
			buildActionMask = 2147483647;
			files = (
			);
			runOnlyForDeploymentPostprocessing = 0;
		};
/* End PBXFrameworksBuildPhase section */

/* Begin PBXGroup section */
		411695E723CB027E00588AE9 = {
			isa = PBXGroup;
			children = (
				411695F223CB027E00588AE9 /* UITextFieldAbout */,
				411695F123CB027E00588AE9 /* Products */,
			);
			sourceTree = "<group>";
		};
		411695F123CB027E00588AE9 /* Products */ = {
			isa = PBXGroup;
			children = (
				411695F023CB027E00588AE9 /* UITextFieldAbout.app */,
			);
			name = Products;
			sourceTree = "<group>";
		};
		411695F223CB027E00588AE9 /* UITextFieldAbout */ = {
			isa = PBXGroup;
			children = (
				4116960723CB02A200588AE9 /* Componentes */,
				411695F323CB027E00588AE9 /* AppDelegate.swift */,
				411695F523CB027E00588AE9 /* SceneDelegate.swift */,
				411695F723CB027E00588AE9 /* ViewController.swift */,
				411695F923CB027E00588AE9 /* Main.storyboard */,
				411695FC23CB028100588AE9 /* Assets.xcassets */,
				411695FE23CB028100588AE9 /* LaunchScreen.storyboard */,
				4116960123CB028100588AE9 /* Info.plist */,
			);
			path = UITextFieldAbout;
			sourceTree = "<group>";
		};
		4116960723CB02A200588AE9 /* Componentes */ = {
			isa = PBXGroup;
			children = (
				4116960823CB032B00588AE9 /* UITextFieldiconLeft.swift */,
			);
			path = Componentes;
			sourceTree = "<group>";
		};
/* End PBXGroup section */

/* Begin PBXNativeTarget section */
		411695EF23CB027E00588AE9 /* UITextFieldAbout */ = {
			isa = PBXNativeTarget;
			buildConfigurationList = 4116960423CB028100588AE9 /* Build configuration list for PBXNativeTarget "UITextFieldAbout" */;
			buildPhases = (
				411695EC23CB027E00588AE9 /* Sources */,
				411695ED23CB027E00588AE9 /* Frameworks */,
				411695EE23CB027E00588AE9 /* Resources */,
			);
			buildRules = (
			);
			dependencies = (
			);
			name = UITextFieldAbout;
			productName = UITextFieldAbout;
			productReference = 411695F023CB027E00588AE9 /* UITextFieldAbout.app */;
			productType = "com.apple.product-type.application";
		};
/* End PBXNativeTarget section */

/* Begin PBXProject section */
		411695E823CB027E00588AE9 /* Project object */ = {
			isa = PBXProject;
			attributes = {
				LastSwiftUpdateCheck = 1130;
				LastUpgradeCheck = 1130;
				ORGANIZATIONNAME = "Eduardo Fulgencio Comendeiro";
				TargetAttributes = {
					411695EF23CB027E00588AE9 = {
						CreatedOnToolsVersion = 11.3;
					};
				};
			};
			buildConfigurationList = 411695EB23CB027E00588AE9 /* Build configuration list for PBXProject "UITextFieldAbout" */;
			compatibilityVersion = "Xcode 9.3";
			developmentRegion = en;
			hasScannedForEncodings = 0;
			knownRegions = (
				en,
				Base,
			);
			mainGroup = 411695E723CB027E00588AE9;
			productRefGroup = 411695F123CB027E00588AE9 /* Products */;
			projectDirPath = "";
			projectRoot = "";
			targets = (
				411695EF23CB027E00588AE9 /* UITextFieldAbout */,
			);
		};
/* End PBXProject section */

/* Begin PBXResourcesBuildPhase section */
		411695EE23CB027E00588AE9 /* Resources */ = {
			isa = PBXResourcesBuildPhase;
			buildActionMask = 2147483647;
			files = (
				4116960023CB028100588AE9 /* LaunchScreen.storyboard in Resources */,
				411695FD23CB028100588AE9 /* Assets.xcassets in Resources */,
				411695FB23CB027E00588AE9 /* Main.storyboard in Resources */,
			);
			runOnlyForDeploymentPostprocessing = 0;
		};
/* End PBXResourcesBuildPhase section */

/* Begin PBXSourcesBuildPhase section */
		411695EC23CB027E00588AE9 /* Sources */ = {
			isa = PBXSourcesBuildPhase;
			buildActionMask = 2147483647;
			files = (
				411695F823CB027E00588AE9 /* ViewController.swift in Sources */,
				411695F423CB027E00588AE9 /* AppDelegate.swift in Sources */,
				411695F623CB027E00588AE9 /* SceneDelegate.swift in Sources */,
				4116960923CB032B00588AE9 /* UITextFieldiconLeft.swift in Sources */,
			);
			runOnlyForDeploymentPostprocessing = 0;
		};
/* End PBXSourcesBuildPhase section */

/* Begin PBXVariantGroup section */
		411695F923CB027E00588AE9 /* Main.storyboard */ = {
			isa = PBXVariantGroup;
			children = (
				411695FA23CB027E00588AE9 /* Base */,
			);
			name = Main.storyboard;
			sourceTree = "<group>";
		};
		411695FE23CB028100588AE9 /* LaunchScreen.storyboard */ = {
			isa = PBXVariantGroup;
			children = (
				411695FF23CB028100588AE9 /* Base */,
			);
			name = LaunchScreen.storyboard;
			sourceTree = "<group>";
		};
/* End PBXVariantGroup section */

/* Begin XCBuildConfiguration section */
		4116960223CB028100588AE9 /* Debug */ = {
			isa = XCBuildConfiguration;
			buildSettings = {
				ALWAYS_SEARCH_USER_PATHS = NO;
				CLANG_ANALYZER_NONNULL = YES;
				CLANG_ANALYZER_NUMBER_OBJECT_CONVERSION = YES_AGGRESSIVE;
				CLANG_CXX_LANGUAGE_STANDARD = "gnu++14";
				CLANG_CXX_LIBRARY = "libc++";
				CLANG_ENABLE_MODULES = YES;
				CLANG_ENABLE_OBJC_ARC = YES;
				CLANG_ENABLE_OBJC_WEAK = YES;
				CLANG_WARN_BLOCK_CAPTURE_AUTORELEASING = YES;
				CLANG_WARN_BOOL_CONVERSION = YES;
				CLANG_WARN_COMMA = YES;
				CLANG_WARN_CONSTANT_CONVERSION = YES;
				CLANG_WARN_DEPRECATED_OBJC_IMPLEMENTATIONS = YES;
				CLANG_WARN_DIRECT_OBJC_ISA_USAGE = YES_ERROR;
				CLANG_WARN_DOCUMENTATION_COMMENTS = YES;
				CLANG_WARN_EMPTY_BODY = YES;
				CLANG_WARN_ENUM_CONVERSION = YES;
				CLANG_WARN_INFINITE_RECURSION = YES;
				CLANG_WARN_INT_CONVERSION = YES;
				CLANG_WARN_NON_LITERAL_NULL_CONVERSION = YES;
				CLANG_WARN_OBJC_IMPLICIT_RETAIN_SELF = YES;
				CLANG_WARN_OBJC_LITERAL_CONVERSION = YES;
				CLANG_WARN_OBJC_ROOT_CLASS = YES_ERROR;
				CLANG_WARN_RANGE_LOOP_ANALYSIS = YES;
				CLANG_WARN_STRICT_PROTOTYPES = YES;
				CLANG_WARN_SUSPICIOUS_MOVE = YES;
				CLANG_WARN_UNGUARDED_AVAILABILITY = YES_AGGRESSIVE;
				CLANG_WARN_UNREACHABLE_CODE = YES;
				CLANG_WARN__DUPLICATE_METHOD_MATCH = YES;
				COPY_PHASE_STRIP = NO;
				DEBUG_INFORMATION_FORMAT = dwarf;
				ENABLE_STRICT_OBJC_MSGSEND = YES;
				ENABLE_TESTABILITY = YES;
				GCC_C_LANGUAGE_STANDARD = gnu11;
				GCC_DYNAMIC_NO_PIC = NO;
				GCC_NO_COMMON_BLOCKS = YES;
				GCC_OPTIMIZATION_LEVEL = 0;
				GCC_PREPROCESSOR_DEFINITIONS = (
					"DEBUG=1",
					"$(inherited)",
				);
				GCC_WARN_64_TO_32_BIT_CONVERSION = YES;
				GCC_WARN_ABOUT_RETURN_TYPE = YES_ERROR;
				GCC_WARN_UNDECLARED_SELECTOR = YES;
				GCC_WARN_UNINITIALIZED_AUTOS = YES_AGGRESSIVE;
				GCC_WARN_UNUSED_FUNCTION = YES;
				GCC_WARN_UNUSED_VARIABLE = YES;
				IPHONEOS_DEPLOYMENT_TARGET = 13.2;
				MTL_ENABLE_DEBUG_INFO = INCLUDE_SOURCE;
				MTL_FAST_MATH = YES;
				ONLY_ACTIVE_ARCH = YES;
				SDKROOT = iphoneos;
				SWIFT_ACTIVE_COMPILATION_CONDITIONS = DEBUG;
				SWIFT_OPTIMIZATION_LEVEL = "-Onone";
			};
			name = Debug;
		};
		4116960323CB028100588AE9 /* Release */ = {
			isa = XCBuildConfiguration;
			buildSettings = {
				ALWAYS_SEARCH_USER_PATHS = NO;
				CLANG_ANALYZER_NONNULL = YES;
				CLANG_ANALYZER_NUMBER_OBJECT_CONVERSION = YES_AGGRESSIVE;
				CLANG_CXX_LANGUAGE_STANDARD = "gnu++14";
				CLANG_CXX_LIBRARY = "libc++";
				CLANG_ENABLE_MODULES = YES;
				CLANG_ENABLE_OBJC_ARC = YES;
				CLANG_ENABLE_OBJC_WEAK = YES;
				CLANG_WARN_BLOCK_CAPTURE_AUTORELEASING = YES;
				CLANG_WARN_BOOL_CONVERSION = YES;
				CLANG_WARN_COMMA = YES;
				CLANG_WARN_CONSTANT_CONVERSION = YES;
				CLANG_WARN_DEPRECATED_OBJC_IMPLEMENTATIONS = YES;
				CLANG_WARN_DIRECT_OBJC_ISA_USAGE = YES_ERROR;
				CLANG_WARN_DOCUMENTATION_COMMENTS = YES;
				CLANG_WARN_EMPTY_BODY = YES;
				CLANG_WARN_ENUM_CONVERSION = YES;
				CLANG_WARN_INFINITE_RECURSION = YES;
				CLANG_WARN_INT_CONVERSION = YES;
				CLANG_WARN_NON_LITERAL_NULL_CONVERSION = YES;
				CLANG_WARN_OBJC_IMPLICIT_RETAIN_SELF = YES;
				CLANG_WARN_OBJC_LITERAL_CONVERSION = YES;
				CLANG_WARN_OBJC_ROOT_CLASS = YES_ERROR;
				CLANG_WARN_RANGE_LOOP_ANALYSIS = YES;
				CLANG_WARN_STRICT_PROTOTYPES = YES;
				CLANG_WARN_SUSPICIOUS_MOVE = YES;
				CLANG_WARN_UNGUARDED_AVAILABILITY = YES_AGGRESSIVE;
				CLANG_WARN_UNREACHABLE_CODE = YES;
				CLANG_WARN__DUPLICATE_METHOD_MATCH = YES;
				COPY_PHASE_STRIP = NO;
				DEBUG_INFORMATION_FORMAT = "dwarf-with-dsym";
				ENABLE_NS_ASSERTIONS = NO;
				ENABLE_STRICT_OBJC_MSGSEND = YES;
				GCC_C_LANGUAGE_STANDARD = gnu11;
				GCC_NO_COMMON_BLOCKS = YES;
				GCC_WARN_64_TO_32_BIT_CONVERSION = YES;
				GCC_WARN_ABOUT_RETURN_TYPE = YES_ERROR;
				GCC_WARN_UNDECLARED_SELECTOR = YES;
				GCC_WARN_UNINITIALIZED_AUTOS = YES_AGGRESSIVE;
				GCC_WARN_UNUSED_FUNCTION = YES;
				GCC_WARN_UNUSED_VARIABLE = YES;
				IPHONEOS_DEPLOYMENT_TARGET = 13.2;
				MTL_ENABLE_DEBUG_INFO = NO;
				MTL_FAST_MATH = YES;
				SDKROOT = iphoneos;
				SWIFT_COMPILATION_MODE = wholemodule;
				SWIFT_OPTIMIZATION_LEVEL = "-O";
				VALIDATE_PRODUCT = YES;
			};
			name = Release;
		};
		4116960523CB028100588AE9 /* Debug */ = {
			isa = XCBuildConfiguration;
			buildSettings = {
				ASSETCATALOG_COMPILER_APPICON_NAME = AppIcon;
				CODE_SIGN_STYLE = Automatic;
				DEVELOPMENT_TEAM = 5M2CLGMTYQ;
				INFOPLIST_FILE = UITextFieldAbout/Info.plist;
				LD_RUNPATH_SEARCH_PATHS = (
					"$(inherited)",
					"@executable_path/Frameworks",
				);
				PRODUCT_BUNDLE_IDENTIFIER = com.eduardofulgencio.UITextFieldAbout;
				PRODUCT_NAME = "$(TARGET_NAME)";
				SWIFT_VERSION = 5.0;
				TARGETED_DEVICE_FAMILY = "1,2";
			};
			name = Debug;
		};
		4116960623CB028100588AE9 /* Release */ = {
			isa = XCBuildConfiguration;
			buildSettings = {
				ASSETCATALOG_COMPILER_APPICON_NAME = AppIcon;
				CODE_SIGN_STYLE = Automatic;
				DEVELOPMENT_TEAM = 5M2CLGMTYQ;
				INFOPLIST_FILE = UITextFieldAbout/Info.plist;
				LD_RUNPATH_SEARCH_PATHS = (
					"$(inherited)",
					"@executable_path/Frameworks",
				);
				PRODUCT_BUNDLE_IDENTIFIER = com.eduardofulgencio.UITextFieldAbout;
				PRODUCT_NAME = "$(TARGET_NAME)";
				SWIFT_VERSION = 5.0;
				TARGETED_DEVICE_FAMILY = "1,2";
			};
			name = Release;
		};
/* End XCBuildConfiguration section */

/* Begin XCConfigurationList section */
		411695EB23CB027E00588AE9 /* Build configuration list for PBXProject "UITextFieldAbout" */ = {
			isa = XCConfigurationList;
			buildConfigurations = (
				4116960223CB028100588AE9 /* Debug */,
				4116960323CB028100588AE9 /* Release */,
			);
			defaultConfigurationIsVisible = 0;
			defaultConfigurationName = Release;
		};
		4116960423CB028100588AE9 /* Build configuration list for PBXNativeTarget "UITextFieldAbout" */ = {
			isa = XCConfigurationList;
			buildConfigurations = (
				4116960523CB028100588AE9 /* Debug */,
				4116960623CB028100588AE9 /* Release */,
			);
			defaultConfigurationIsVisible = 0;
			defaultConfigurationName = Release;
		};
/* End XCConfigurationList section */
	};
	rootObject = 411695E823CB027E00588AE9 /* Project object */;
}
